
Microsoft Visual Studio Solution File, Format Version 12.00
# Visual Studio Version 16
VisualStudioVersion = 16.0.30320.27
MinimumVisualStudioVersion = 10.0.40219.1
Project("{FAE04EC0-301F-11D3-BF4B-00C04F79EFBC}") = "YoutubeMusic", "YoutubeMusic.csproj", "{7CD0639C-AD47-44D3-AA7D-05EADA89B119}"
EndProject
Project("{54435603-DBB4-11D2-8724-00A0C9A8B90C}") = "SetupYoutube", "..\SetupYoutube\SetupYoutube.vdproj", "{C5601B57-140E-4BD4-960E-5218A2C06BEE}"
EndProject
Global
	GlobalSection(SolutionConfigurationPlatforms) = preSolution
		Debug|Any CPU = Debug|Any CPU
		Release|Any CPU = Release|Any CPU
	EndGlobalSection
	GlobalSection(ProjectConfigurationPlatforms) = postSolution
		{7CD0639C-AD47-44D3-AA7D-05EADA89B119}.Debug|Any CPU.ActiveCfg = Debug|Any CPU
		{7CD0639C-AD47-44D3-AA7D-05EADA89B119}.Debug|Any CPU.Build.0 = Debug|Any CPU
		{7CD0639C-AD47-44D3-AA7D-05EADA89B119}.Release|Any CPU.ActiveCfg = Release|Any CPU
		{7CD0639C-AD47-44D3-AA7D-05EADA89B119}.Release|Any CPU.Build.0 = Release|Any CPU
		{C5601B57-140E-4BD4-960E-5218A2C06BEE}.Debug|Any CPU.ActiveCfg = Debug
		{C5601B57-140E-4BD4-960E-5218A2C06BEE}.Release|Any CPU.ActiveCfg = Release
	EndGlobalSection
	GlobalSection(SolutionProperties) = preSolution
		HideSolutionNode = FALSE
	EndGlobalSection
	GlobalSection(ExtensibilityGlobals) = postSolution
		SolutionGuid = {9FD9B6EE-44FB-401A-AC3F-85C0A646B45E}
	EndGlobalSection
EndGlobal
